// !$*UTF8*$!
{
	archiveVersion = 1;
	classes = {
	};
	objectVersion = 55;
	objects = {

/* Begin PBXBuildFile section */
		0F718872297DA4F100772B79 /* Movie_MentorApp.swift in Sources */ = {isa = PBXBuildFile; fileRef = 0F718871297DA4F100772B79 /* Movie_MentorApp.swift */; };
		0F718874297DA4F100772B79 /* FeaturedView.swift in Sources */ = {isa = PBXBuildFile; fileRef = 0F718873297DA4F100772B79 /* FeaturedView.swift */; };
		0F718876297DA4F200772B79 /* Assets.xcassets in Resources */ = {isa = PBXBuildFile; fileRef = 0F718875297DA4F200772B79 /* Assets.xcassets */; };
		0F718879297DA4F200772B79 /* Preview Assets.xcassets in Resources */ = {isa = PBXBuildFile; fileRef = 0F718878297DA4F200772B79 /* Preview Assets.xcassets */; };
		0F718883297DA4F200772B79 /* Movie_MentorTests.swift in Sources */ = {isa = PBXBuildFile; fileRef = 0F718882297DA4F200772B79 /* Movie_MentorTests.swift */; };
		0F71888D297DA4F200772B79 /* Movie_MentorUITests.swift in Sources */ = {isa = PBXBuildFile; fileRef = 0F71888C297DA4F200772B79 /* Movie_MentorUITests.swift */; };
		0F71888F297DA4F200772B79 /* Movie_MentorUITestsLaunchTests.swift in Sources */ = {isa = PBXBuildFile; fileRef = 0F71888E297DA4F200772B79 /* Movie_MentorUITestsLaunchTests.swift */; };
		0F95CB2729BFF3620050C2F2 /* FeaturedViewModel.swift in Sources */ = {isa = PBXBuildFile; fileRef = 0F95CB2629BFF3620050C2F2 /* FeaturedViewModel.swift */; };
		0F95CB2929BFFCB40050C2F2 /* ContentWarningReduced.swift in Sources */ = {isa = PBXBuildFile; fileRef = 0F95CB2829BFFCB40050C2F2 /* ContentWarningReduced.swift */; };
		0F95CB2D29C13B860050C2F2 /* ResponseModels.swift in Sources */ = {isa = PBXBuildFile; fileRef = 0F95CB2C29C13B860050C2F2 /* ResponseModels.swift */; };
		0F95CB2F29C178D50050C2F2 /* WarningSettingsViewModel.swift in Sources */ = {isa = PBXBuildFile; fileRef = 0F95CB2E29C178D50050C2F2 /* WarningSettingsViewModel.swift */; };
		0FC180CB29A3F3C20031DDAB /* MovieDetailsView.swift in Sources */ = {isa = PBXBuildFile; fileRef = 0FC180CA29A3F3C20031DDAB /* MovieDetailsView.swift */; };
		0FC180CD29A4091C0031DDAB /* WarningBannerView.swift in Sources */ = {isa = PBXBuildFile; fileRef = 0FC180CC29A4091C0031DDAB /* WarningBannerView.swift */; };
		0FC180CF29A4128E0031DDAB /* StarRatingView.swift in Sources */ = {isa = PBXBuildFile; fileRef = 0FC180CE29A4128E0031DDAB /* StarRatingView.swift */; };
		0FC180D129A55FA30031DDAB /* StreamingTileView.swift in Sources */ = {isa = PBXBuildFile; fileRef = 0FC180D029A55FA30031DDAB /* StreamingTileView.swift */; };
		0FC180D329A564A50031DDAB /* MPARatingView.swift in Sources */ = {isa = PBXBuildFile; fileRef = 0FC180D229A564A50031DDAB /* MPARatingView.swift */; };
		0FC180D529AA8B000031DDAB /* ContentWarning.swift in Sources */ = {isa = PBXBuildFile; fileRef = 0FC180D429AA8B000031DDAB /* ContentWarning.swift */; };
		0FC180D729AD77E60031DDAB /* WarningSettingsView.swift in Sources */ = {isa = PBXBuildFile; fileRef = 0FC180D629AD77E60031DDAB /* WarningSettingsView.swift */; };
		0FC180D929B404F30031DDAB /* IndividualSettingView.swift in Sources */ = {isa = PBXBuildFile; fileRef = 0FC180D829B404F30031DDAB /* IndividualSettingView.swift */; };
		0FC180DB29B689500031DDAB /* WarningRowView.swift in Sources */ = {isa = PBXBuildFile; fileRef = 0FC180DA29B689500031DDAB /* WarningRowView.swift */; };
		0FC180DD29B6C2960031DDAB /* WarningDetailsView.swift in Sources */ = {isa = PBXBuildFile; fileRef = 0FC180DC29B6C2960031DDAB /* WarningDetailsView.swift */; };
		0FC9572129919B92006036EE /* Roboto-Regular.ttf in Resources */ = {isa = PBXBuildFile; fileRef = 0FC9572029919B92006036EE /* Roboto-Regular.ttf */; };
		0FD761E229932BDC0060EB7E /* MovieReduced.swift in Sources */ = {isa = PBXBuildFile; fileRef = 0FD761E129932BDC0060EB7E /* MovieReduced.swift */; };
		0FD761E4299330C70060EB7E /* FeaturedMovieTileView.swift in Sources */ = {isa = PBXBuildFile; fileRef = 0FD761E3299330C70060EB7E /* FeaturedMovieTileView.swift */; };
		0FD761E62993840A0060EB7E /* Roboto-Black.ttf in Resources */ = {isa = PBXBuildFile; fileRef = 0FD761E52993840A0060EB7E /* Roboto-Black.ttf */; };
		0FD761E8299384150060EB7E /* Roboto-BlackItalic.ttf in Resources */ = {isa = PBXBuildFile; fileRef = 0FD761E7299384150060EB7E /* Roboto-BlackItalic.ttf */; };
		0FD761EA2993841E0060EB7E /* Roboto-Bold.ttf in Resources */ = {isa = PBXBuildFile; fileRef = 0FD761E92993841D0060EB7E /* Roboto-Bold.ttf */; };
		0FD761EC299384250060EB7E /* Roboto-BoldItalic.ttf in Resources */ = {isa = PBXBuildFile; fileRef = 0FD761EB299384250060EB7E /* Roboto-BoldItalic.ttf */; };
		0FD761EE2993842B0060EB7E /* Roboto-Italic.ttf in Resources */ = {isa = PBXBuildFile; fileRef = 0FD761ED2993842B0060EB7E /* Roboto-Italic.ttf */; };
		0FD761F0299384300060EB7E /* Roboto-Light.ttf in Resources */ = {isa = PBXBuildFile; fileRef = 0FD761EF299384300060EB7E /* Roboto-Light.ttf */; };
		0FD761F2299384360060EB7E /* Roboto-LightItalic.ttf in Resources */ = {isa = PBXBuildFile; fileRef = 0FD761F1299384360060EB7E /* Roboto-LightItalic.ttf */; };
		0FD761F42993843E0060EB7E /* Roboto-Medium.ttf in Resources */ = {isa = PBXBuildFile; fileRef = 0FD761F32993843E0060EB7E /* Roboto-Medium.ttf */; };
		0FD761F6299384440060EB7E /* Roboto-MediumItalic.ttf in Resources */ = {isa = PBXBuildFile; fileRef = 0FD761F5299384440060EB7E /* Roboto-MediumItalic.ttf */; };
		0FD761F82993844D0060EB7E /* Roboto-Thin.ttf in Resources */ = {isa = PBXBuildFile; fileRef = 0FD761F72993844D0060EB7E /* Roboto-Thin.ttf */; };
		0FD761FA299384550060EB7E /* Roboto-ThinItalic.ttf in Resources */ = {isa = PBXBuildFile; fileRef = 0FD761F9299384550060EB7E /* Roboto-ThinItalic.ttf */; };
		0FD761FC2993875D0060EB7E /* LogoHeaderView.swift in Sources */ = {isa = PBXBuildFile; fileRef = 0FD761FB2993875D0060EB7E /* LogoHeaderView.swift */; };
		0FD761FE29943F460060EB7E /* SearchBarView.swift in Sources */ = {isa = PBXBuildFile; fileRef = 0FD761FD29943F460060EB7E /* SearchBarView.swift */; };
		0FD76204299ADC170060EB7E /* GenreTileView.swift in Sources */ = {isa = PBXBuildFile; fileRef = 0FD76203299ADC170060EB7E /* GenreTileView.swift */; };
		0FD76206299F50870060EB7E /* SearchMovieTileView.swift in Sources */ = {isa = PBXBuildFile; fileRef = 0FD76205299F50870060EB7E /* SearchMovieTileView.swift */; };
		0FD7620A299F5EB30060EB7E /* GenreTagView.swift in Sources */ = {isa = PBXBuildFile; fileRef = 0FD76209299F5EB30060EB7E /* GenreTagView.swift */; };
		0FD7620C29A1443C0060EB7E /* CWTagView.swift in Sources */ = {isa = PBXBuildFile; fileRef = 0FD7620B29A1443C0060EB7E /* CWTagView.swift */; };
		0FD7620E29A2F1890060EB7E /* MovieFull.swift in Sources */ = {isa = PBXBuildFile; fileRef = 0FD7620D29A2F1890060EB7E /* MovieFull.swift */; };
		0FD7621029A2FC2F0060EB7E /* EmptyModifier.swift in Sources */ = {isa = PBXBuildFile; fileRef = 0FD7620F29A2FC2F0060EB7E /* EmptyModifier.swift */; };
		0FE94CB329901E6700095412 /* MainView.swift in Sources */ = {isa = PBXBuildFile; fileRef = 0FE94CB229901E6700095412 /* MainView.swift */; };
		0FE94CB52990212100095412 /* SearchView.swift in Sources */ = {isa = PBXBuildFile; fileRef = 0FE94CB42990212100095412 /* SearchView.swift */; };
		0FE94CB7299021D500095412 /* SettingsView.swift in Sources */ = {isa = PBXBuildFile; fileRef = 0FE94CB6299021D500095412 /* SettingsView.swift */; };
		49DB6C6BD5020C3135BDE5E5 /* Pods_Movie_MentorTests.framework in Frameworks */ = {isa = PBXBuildFile; fileRef = BC206A03C61274894CAC7F32 /* Pods_Movie_MentorTests.framework */; };
		5923D50E3EF75EB956C92017 /* Pods_Movie_Mentor.framework in Frameworks */ = {isa = PBXBuildFile; fileRef = 7C953C3BB8AAF58B53A1A5FF /* Pods_Movie_Mentor.framework */; };
		FD24438B47C918121E54E246 /* Pods_Movie_Mentor_Movie_MentorUITests.framework in Frameworks */ = {isa = PBXBuildFile; fileRef = A5260D98E2032A4F550BA86D /* Pods_Movie_Mentor_Movie_MentorUITests.framework */; };
/* End PBXBuildFile section */

/* Begin PBXContainerItemProxy section */
		0F71887F297DA4F200772B79 /* PBXContainerItemProxy */ = {
			isa = PBXContainerItemProxy;
			containerPortal = 0F718866297DA4F100772B79 /* Project object */;
			proxyType = 1;
			remoteGlobalIDString = 0F71886D297DA4F100772B79;
			remoteInfo = "Movie Mentor";
		};
		0F718889297DA4F200772B79 /* PBXContainerItemProxy */ = {
			isa = PBXContainerItemProxy;
			containerPortal = 0F718866297DA4F100772B79 /* Project object */;
			proxyType = 1;
			remoteGlobalIDString = 0F71886D297DA4F100772B79;
			remoteInfo = "Movie Mentor";
		};
/* End PBXContainerItemProxy section */

/* Begin PBXFileReference section */
		0F71886E297DA4F100772B79 /* Movie Mentor.app */ = {isa = PBXFileReference; explicitFileType = wrapper.application; includeInIndex = 0; path = "Movie Mentor.app"; sourceTree = BUILT_PRODUCTS_DIR; };
		0F718871297DA4F100772B79 /* Movie_MentorApp.swift */ = {isa = PBXFileReference; lastKnownFileType = sourcecode.swift; path = Movie_MentorApp.swift; sourceTree = "<group>"; };
		0F718873297DA4F100772B79 /* FeaturedView.swift */ = {isa = PBXFileReference; lastKnownFileType = sourcecode.swift; path = FeaturedView.swift; sourceTree = "<group>"; };
		0F718875297DA4F200772B79 /* Assets.xcassets */ = {isa = PBXFileReference; lastKnownFileType = folder.assetcatalog; path = Assets.xcassets; sourceTree = "<group>"; };
		0F718878297DA4F200772B79 /* Preview Assets.xcassets */ = {isa = PBXFileReference; lastKnownFileType = folder.assetcatalog; path = "Preview Assets.xcassets"; sourceTree = "<group>"; };
		0F71887E297DA4F200772B79 /* Movie MentorTests.xctest */ = {isa = PBXFileReference; explicitFileType = wrapper.cfbundle; includeInIndex = 0; path = "Movie MentorTests.xctest"; sourceTree = BUILT_PRODUCTS_DIR; };
		0F718882297DA4F200772B79 /* Movie_MentorTests.swift */ = {isa = PBXFileReference; lastKnownFileType = sourcecode.swift; path = Movie_MentorTests.swift; sourceTree = "<group>"; };
		0F718888297DA4F200772B79 /* Movie MentorUITests.xctest */ = {isa = PBXFileReference; explicitFileType = wrapper.cfbundle; includeInIndex = 0; path = "Movie MentorUITests.xctest"; sourceTree = BUILT_PRODUCTS_DIR; };
		0F71888C297DA4F200772B79 /* Movie_MentorUITests.swift */ = {isa = PBXFileReference; lastKnownFileType = sourcecode.swift; path = Movie_MentorUITests.swift; sourceTree = "<group>"; };
		0F71888E297DA4F200772B79 /* Movie_MentorUITestsLaunchTests.swift */ = {isa = PBXFileReference; lastKnownFileType = sourcecode.swift; path = Movie_MentorUITestsLaunchTests.swift; sourceTree = "<group>"; };
		0F95CB2629BFF3620050C2F2 /* FeaturedViewModel.swift */ = {isa = PBXFileReference; lastKnownFileType = sourcecode.swift; path = FeaturedViewModel.swift; sourceTree = "<group>"; };
		0F95CB2829BFFCB40050C2F2 /* ContentWarningReduced.swift */ = {isa = PBXFileReference; lastKnownFileType = sourcecode.swift; path = ContentWarningReduced.swift; sourceTree = "<group>"; };
		0F95CB2C29C13B860050C2F2 /* ResponseModels.swift */ = {isa = PBXFileReference; lastKnownFileType = sourcecode.swift; path = ResponseModels.swift; sourceTree = "<group>"; };
		0F95CB2E29C178D50050C2F2 /* WarningSettingsViewModel.swift */ = {isa = PBXFileReference; lastKnownFileType = sourcecode.swift; path = WarningSettingsViewModel.swift; sourceTree = "<group>"; };
		0FC180CA29A3F3C20031DDAB /* MovieDetailsView.swift */ = {isa = PBXFileReference; lastKnownFileType = sourcecode.swift; path = MovieDetailsView.swift; sourceTree = "<group>"; };
		0FC180CC29A4091C0031DDAB /* WarningBannerView.swift */ = {isa = PBXFileReference; lastKnownFileType = sourcecode.swift; path = WarningBannerView.swift; sourceTree = "<group>"; };
		0FC180CE29A4128E0031DDAB /* StarRatingView.swift */ = {isa = PBXFileReference; lastKnownFileType = sourcecode.swift; path = StarRatingView.swift; sourceTree = "<group>"; };
		0FC180D029A55FA30031DDAB /* StreamingTileView.swift */ = {isa = PBXFileReference; lastKnownFileType = sourcecode.swift; path = StreamingTileView.swift; sourceTree = "<group>"; };
		0FC180D229A564A50031DDAB /* MPARatingView.swift */ = {isa = PBXFileReference; lastKnownFileType = sourcecode.swift; path = MPARatingView.swift; sourceTree = "<group>"; };
		0FC180D429AA8B000031DDAB /* ContentWarning.swift */ = {isa = PBXFileReference; lastKnownFileType = sourcecode.swift; path = ContentWarning.swift; sourceTree = "<group>"; };
		0FC180D629AD77E60031DDAB /* WarningSettingsView.swift */ = {isa = PBXFileReference; lastKnownFileType = sourcecode.swift; path = WarningSettingsView.swift; sourceTree = "<group>"; };
		0FC180D829B404F30031DDAB /* IndividualSettingView.swift */ = {isa = PBXFileReference; lastKnownFileType = sourcecode.swift; path = IndividualSettingView.swift; sourceTree = "<group>"; };
		0FC180DA29B689500031DDAB /* WarningRowView.swift */ = {isa = PBXFileReference; lastKnownFileType = sourcecode.swift; path = WarningRowView.swift; sourceTree = "<group>"; };
		0FC180DC29B6C2960031DDAB /* WarningDetailsView.swift */ = {isa = PBXFileReference; lastKnownFileType = sourcecode.swift; path = WarningDetailsView.swift; sourceTree = "<group>"; };
		0FC9571F299199C6006036EE /* Movie-Mentor-Info.plist */ = {isa = PBXFileReference; lastKnownFileType = text.plist; path = "Movie-Mentor-Info.plist"; sourceTree = SOURCE_ROOT; };
		0FC9572029919B92006036EE /* Roboto-Regular.ttf */ = {isa = PBXFileReference; lastKnownFileType = file; path = "Roboto-Regular.ttf"; sourceTree = "<group>"; };
		0FD761E129932BDC0060EB7E /* MovieReduced.swift */ = {isa = PBXFileReference; lastKnownFileType = sourcecode.swift; path = MovieReduced.swift; sourceTree = "<group>"; };
		0FD761E3299330C70060EB7E /* FeaturedMovieTileView.swift */ = {isa = PBXFileReference; lastKnownFileType = sourcecode.swift; path = FeaturedMovieTileView.swift; sourceTree = "<group>"; };
		0FD761E52993840A0060EB7E /* Roboto-Black.ttf */ = {isa = PBXFileReference; lastKnownFileType = file; path = "Roboto-Black.ttf"; sourceTree = "<group>"; };
		0FD761E7299384150060EB7E /* Roboto-BlackItalic.ttf */ = {isa = PBXFileReference; lastKnownFileType = file; path = "Roboto-BlackItalic.ttf"; sourceTree = "<group>"; };
		0FD761E92993841D0060EB7E /* Roboto-Bold.ttf */ = {isa = PBXFileReference; lastKnownFileType = file; path = "Roboto-Bold.ttf"; sourceTree = "<group>"; };
		0FD761EB299384250060EB7E /* Roboto-BoldItalic.ttf */ = {isa = PBXFileReference; lastKnownFileType = file; path = "Roboto-BoldItalic.ttf"; sourceTree = "<group>"; };
		0FD761ED2993842B0060EB7E /* Roboto-Italic.ttf */ = {isa = PBXFileReference; lastKnownFileType = file; path = "Roboto-Italic.ttf"; sourceTree = "<group>"; };
		0FD761EF299384300060EB7E /* Roboto-Light.ttf */ = {isa = PBXFileReference; lastKnownFileType = file; path = "Roboto-Light.ttf"; sourceTree = "<group>"; };
		0FD761F1299384360060EB7E /* Roboto-LightItalic.ttf */ = {isa = PBXFileReference; lastKnownFileType = file; path = "Roboto-LightItalic.ttf"; sourceTree = "<group>"; };
		0FD761F32993843E0060EB7E /* Roboto-Medium.ttf */ = {isa = PBXFileReference; lastKnownFileType = file; path = "Roboto-Medium.ttf"; sourceTree = "<group>"; };
		0FD761F5299384440060EB7E /* Roboto-MediumItalic.ttf */ = {isa = PBXFileReference; lastKnownFileType = file; path = "Roboto-MediumItalic.ttf"; sourceTree = "<group>"; };
		0FD761F72993844D0060EB7E /* Roboto-Thin.ttf */ = {isa = PBXFileReference; lastKnownFileType = file; path = "Roboto-Thin.ttf"; sourceTree = "<group>"; };
		0FD761F9299384550060EB7E /* Roboto-ThinItalic.ttf */ = {isa = PBXFileReference; lastKnownFileType = file; path = "Roboto-ThinItalic.ttf"; sourceTree = "<group>"; };
		0FD761FB2993875D0060EB7E /* LogoHeaderView.swift */ = {isa = PBXFileReference; lastKnownFileType = sourcecode.swift; path = LogoHeaderView.swift; sourceTree = "<group>"; };
		0FD761FD29943F460060EB7E /* SearchBarView.swift */ = {isa = PBXFileReference; lastKnownFileType = sourcecode.swift; path = SearchBarView.swift; sourceTree = "<group>"; };
		0FD76203299ADC170060EB7E /* GenreTileView.swift */ = {isa = PBXFileReference; lastKnownFileType = sourcecode.swift; path = GenreTileView.swift; sourceTree = "<group>"; };
		0FD76205299F50870060EB7E /* SearchMovieTileView.swift */ = {isa = PBXFileReference; lastKnownFileType = sourcecode.swift; path = SearchMovieTileView.swift; sourceTree = "<group>"; };
		0FD76209299F5EB30060EB7E /* GenreTagView.swift */ = {isa = PBXFileReference; lastKnownFileType = sourcecode.swift; path = GenreTagView.swift; sourceTree = "<group>"; };
		0FD7620B29A1443C0060EB7E /* CWTagView.swift */ = {isa = PBXFileReference; lastKnownFileType = sourcecode.swift; path = CWTagView.swift; sourceTree = "<group>"; };
		0FD7620D29A2F1890060EB7E /* MovieFull.swift */ = {isa = PBXFileReference; lastKnownFileType = sourcecode.swift; path = MovieFull.swift; sourceTree = "<group>"; };
		0FD7620F29A2FC2F0060EB7E /* EmptyModifier.swift */ = {isa = PBXFileReference; lastKnownFileType = sourcecode.swift; path = EmptyModifier.swift; sourceTree = "<group>"; };
		0FE94CB229901E6700095412 /* MainView.swift */ = {isa = PBXFileReference; lastKnownFileType = sourcecode.swift; path = MainView.swift; sourceTree = "<group>"; };
		0FE94CB42990212100095412 /* SearchView.swift */ = {isa = PBXFileReference; lastKnownFileType = sourcecode.swift; path = SearchView.swift; sourceTree = "<group>"; };
		0FE94CB6299021D500095412 /* SettingsView.swift */ = {isa = PBXFileReference; lastKnownFileType = sourcecode.swift; path = SettingsView.swift; sourceTree = "<group>"; };
		539CD510E1F139EE714AE5FD /* Pods-Movie MentorTests.debug.xcconfig */ = {isa = PBXFileReference; includeInIndex = 1; lastKnownFileType = text.xcconfig; name = "Pods-Movie MentorTests.debug.xcconfig"; path = "Target Support Files/Pods-Movie MentorTests/Pods-Movie MentorTests.debug.xcconfig"; sourceTree = "<group>"; };
		6DBE92A819B0421B02615E4D /* Pods-Movie Mentor-Movie MentorUITests.release.xcconfig */ = {isa = PBXFileReference; includeInIndex = 1; lastKnownFileType = text.xcconfig; name = "Pods-Movie Mentor-Movie MentorUITests.release.xcconfig"; path = "Target Support Files/Pods-Movie Mentor-Movie MentorUITests/Pods-Movie Mentor-Movie MentorUITests.release.xcconfig"; sourceTree = "<group>"; };
		7C953C3BB8AAF58B53A1A5FF /* Pods_Movie_Mentor.framework */ = {isa = PBXFileReference; explicitFileType = wrapper.framework; includeInIndex = 0; path = Pods_Movie_Mentor.framework; sourceTree = BUILT_PRODUCTS_DIR; };
		A5260D98E2032A4F550BA86D /* Pods_Movie_Mentor_Movie_MentorUITests.framework */ = {isa = PBXFileReference; explicitFileType = wrapper.framework; includeInIndex = 0; path = Pods_Movie_Mentor_Movie_MentorUITests.framework; sourceTree = BUILT_PRODUCTS_DIR; };
		AB9DA67F88FAC69F8DA0AB0E /* Pods-Movie Mentor-Movie MentorUITests.debug.xcconfig */ = {isa = PBXFileReference; includeInIndex = 1; lastKnownFileType = text.xcconfig; name = "Pods-Movie Mentor-Movie MentorUITests.debug.xcconfig"; path = "Target Support Files/Pods-Movie Mentor-Movie MentorUITests/Pods-Movie Mentor-Movie MentorUITests.debug.xcconfig"; sourceTree = "<group>"; };
		B98043A433E37D50784258F5 /* Pods-Movie Mentor.release.xcconfig */ = {isa = PBXFileReference; includeInIndex = 1; lastKnownFileType = text.xcconfig; name = "Pods-Movie Mentor.release.xcconfig"; path = "Target Support Files/Pods-Movie Mentor/Pods-Movie Mentor.release.xcconfig"; sourceTree = "<group>"; };
		BA207B6672A974EFCB5E151F /* Pods-Movie MentorTests.release.xcconfig */ = {isa = PBXFileReference; includeInIndex = 1; lastKnownFileType = text.xcconfig; name = "Pods-Movie MentorTests.release.xcconfig"; path = "Target Support Files/Pods-Movie MentorTests/Pods-Movie MentorTests.release.xcconfig"; sourceTree = "<group>"; };
		BC206A03C61274894CAC7F32 /* Pods_Movie_MentorTests.framework */ = {isa = PBXFileReference; explicitFileType = wrapper.framework; includeInIndex = 0; path = Pods_Movie_MentorTests.framework; sourceTree = BUILT_PRODUCTS_DIR; };
		D3FB22B81AFADC27E8F58675 /* Pods-Movie Mentor.debug.xcconfig */ = {isa = PBXFileReference; includeInIndex = 1; lastKnownFileType = text.xcconfig; name = "Pods-Movie Mentor.debug.xcconfig"; path = "Target Support Files/Pods-Movie Mentor/Pods-Movie Mentor.debug.xcconfig"; sourceTree = "<group>"; };
/* End PBXFileReference section */

/* Begin PBXFrameworksBuildPhase section */
		0F71886B297DA4F100772B79 /* Frameworks */ = {
			isa = PBXFrameworksBuildPhase;
			buildActionMask = 2147483647;
			files = (
				5923D50E3EF75EB956C92017 /* Pods_Movie_Mentor.framework in Frameworks */,
			);
			runOnlyForDeploymentPostprocessing = 0;
		};
		0F71887B297DA4F200772B79 /* Frameworks */ = {
			isa = PBXFrameworksBuildPhase;
			buildActionMask = 2147483647;
			files = (
				49DB6C6BD5020C3135BDE5E5 /* Pods_Movie_MentorTests.framework in Frameworks */,
			);
			runOnlyForDeploymentPostprocessing = 0;
		};
		0F718885297DA4F200772B79 /* Frameworks */ = {
			isa = PBXFrameworksBuildPhase;
			buildActionMask = 2147483647;
			files = (
				FD24438B47C918121E54E246 /* Pods_Movie_Mentor_Movie_MentorUITests.framework in Frameworks */,
			);
			runOnlyForDeploymentPostprocessing = 0;
		};
/* End PBXFrameworksBuildPhase section */

/* Begin PBXGroup section */
		0F718865297DA4F100772B79 = {
			isa = PBXGroup;
			children = (
				0F718870297DA4F100772B79 /* Movie Mentor */,
				0F718881297DA4F200772B79 /* Movie MentorTests */,
				0F71888B297DA4F200772B79 /* Movie MentorUITests */,
				0F71886F297DA4F100772B79 /* Products */,
				389B58D542E19765DD51271E /* Pods */,
				76FF1B36015F1AC5CE482856 /* Frameworks */,
			);
			sourceTree = "<group>";
		};
		0F71886F297DA4F100772B79 /* Products */ = {
			isa = PBXGroup;
			children = (
				0F71886E297DA4F100772B79 /* Movie Mentor.app */,
				0F71887E297DA4F200772B79 /* Movie MentorTests.xctest */,
				0F718888297DA4F200772B79 /* Movie MentorUITests.xctest */,
			);
			name = Products;
			sourceTree = "<group>";
		};
		0F718870297DA4F100772B79 /* Movie Mentor */ = {
			isa = PBXGroup;
			children = (
				0FC9571F299199C6006036EE /* Movie-Mentor-Info.plist */,
				0FC9571C29919908006036EE /* Fonts */,
				0FC957262992236D006036EE /* Models */,
				0FE94CAF29901DEF00095412 /* Views */,
				0F95CB2529BFF3400050C2F2 /* View Models */,
				0F718871297DA4F100772B79 /* Movie_MentorApp.swift */,
				0F718875297DA4F200772B79 /* Assets.xcassets */,
				0F718877297DA4F200772B79 /* Preview Content */,
			);
			path = "Movie Mentor";
			sourceTree = "<group>";
		};
		0F718877297DA4F200772B79 /* Preview Content */ = {
			isa = PBXGroup;
			children = (
				0F718878297DA4F200772B79 /* Preview Assets.xcassets */,
			);
			path = "Preview Content";
			sourceTree = "<group>";
		};
		0F718881297DA4F200772B79 /* Movie MentorTests */ = {
			isa = PBXGroup;
			children = (
				0F718882297DA4F200772B79 /* Movie_MentorTests.swift */,
			);
			path = "Movie MentorTests";
			sourceTree = "<group>";
		};
		0F71888B297DA4F200772B79 /* Movie MentorUITests */ = {
			isa = PBXGroup;
			children = (
				0F71888C297DA4F200772B79 /* Movie_MentorUITests.swift */,
				0F71888E297DA4F200772B79 /* Movie_MentorUITestsLaunchTests.swift */,
			);
			path = "Movie MentorUITests";
			sourceTree = "<group>";
		};
		0F95CB2529BFF3400050C2F2 /* View Models */ = {
			isa = PBXGroup;
			children = (
				0F95CB2629BFF3620050C2F2 /* FeaturedViewModel.swift */,
				0F95CB2E29C178D50050C2F2 /* WarningSettingsViewModel.swift */,
			);
			path = "View Models";
			sourceTree = "<group>";
		};
		0FC9571C29919908006036EE /* Fonts */ = {
			isa = PBXGroup;
			children = (
				0FD761E52993840A0060EB7E /* Roboto-Black.ttf */,
				0FD761E7299384150060EB7E /* Roboto-BlackItalic.ttf */,
				0FD761E92993841D0060EB7E /* Roboto-Bold.ttf */,
				0FD761EB299384250060EB7E /* Roboto-BoldItalic.ttf */,
				0FD761ED2993842B0060EB7E /* Roboto-Italic.ttf */,
				0FD761EF299384300060EB7E /* Roboto-Light.ttf */,
				0FD761F1299384360060EB7E /* Roboto-LightItalic.ttf */,
				0FD761F32993843E0060EB7E /* Roboto-Medium.ttf */,
				0FD761F5299384440060EB7E /* Roboto-MediumItalic.ttf */,
				0FC9572029919B92006036EE /* Roboto-Regular.ttf */,
				0FD761F72993844D0060EB7E /* Roboto-Thin.ttf */,
				0FD761F9299384550060EB7E /* Roboto-ThinItalic.ttf */,
			);
			path = Fonts;
			sourceTree = "<group>";
		};
		0FC957262992236D006036EE /* Models */ = {
			isa = PBXGroup;
			children = (
				0FD761E129932BDC0060EB7E /* MovieReduced.swift */,
				0FD7620D29A2F1890060EB7E /* MovieFull.swift */,
				0FC180D429AA8B000031DDAB /* ContentWarning.swift */,
				0F95CB2829BFFCB40050C2F2 /* ContentWarningReduced.swift */,
				0F95CB2C29C13B860050C2F2 /* ResponseModels.swift */,
			);
			path = Models;
			sourceTree = "<group>";
		};
		0FD761FF299AD6D70060EB7E /* Pages */ = {
			isa = PBXGroup;
			children = (
				0F718873297DA4F100772B79 /* FeaturedView.swift */,
				0FE94CB42990212100095412 /* SearchView.swift */,
				0FE94CB6299021D500095412 /* SettingsView.swift */,
				0FC180CA29A3F3C20031DDAB /* MovieDetailsView.swift */,
				0FC180D629AD77E60031DDAB /* WarningSettingsView.swift */,
				0FC180D829B404F30031DDAB /* IndividualSettingView.swift */,
				0FC180DC29B6C2960031DDAB /* WarningDetailsView.swift */,
			);
			path = Pages;
			sourceTree = "<group>";
		};
		0FD76200299AD6E80060EB7E /* Components */ = {
			isa = PBXGroup;
			children = (
				0FD761E3299330C70060EB7E /* FeaturedMovieTileView.swift */,
				0FD761FB2993875D0060EB7E /* LogoHeaderView.swift */,
				0FD761FD29943F460060EB7E /* SearchBarView.swift */,
				0FD76203299ADC170060EB7E /* GenreTileView.swift */,
				0FD76205299F50870060EB7E /* SearchMovieTileView.swift */,
				0FD76209299F5EB30060EB7E /* GenreTagView.swift */,
				0FD7620B29A1443C0060EB7E /* CWTagView.swift */,
				0FC180CC29A4091C0031DDAB /* WarningBannerView.swift */,
				0FC180CE29A4128E0031DDAB /* StarRatingView.swift */,
				0FC180D029A55FA30031DDAB /* StreamingTileView.swift */,
				0FC180D229A564A50031DDAB /* MPARatingView.swift */,
				0FC180DA29B689500031DDAB /* WarningRowView.swift */,
			);
			path = Components;
			sourceTree = "<group>";
		};
		0FE94CAF29901DEF00095412 /* Views */ = {
			isa = PBXGroup;
			children = (
				0FE94CB229901E6700095412 /* MainView.swift */,
				0FD7620F29A2FC2F0060EB7E /* EmptyModifier.swift */,
				0FD76200299AD6E80060EB7E /* Components */,
				0FD761FF299AD6D70060EB7E /* Pages */,
			);
			path = Views;
			sourceTree = "<group>";
		};
		389B58D542E19765DD51271E /* Pods */ = {
			isa = PBXGroup;
			children = (
				D3FB22B81AFADC27E8F58675 /* Pods-Movie Mentor.debug.xcconfig */,
				B98043A433E37D50784258F5 /* Pods-Movie Mentor.release.xcconfig */,
				AB9DA67F88FAC69F8DA0AB0E /* Pods-Movie Mentor-Movie MentorUITests.debug.xcconfig */,
				6DBE92A819B0421B02615E4D /* Pods-Movie Mentor-Movie MentorUITests.release.xcconfig */,
				539CD510E1F139EE714AE5FD /* Pods-Movie MentorTests.debug.xcconfig */,
				BA207B6672A974EFCB5E151F /* Pods-Movie MentorTests.release.xcconfig */,
			);
			path = Pods;
			sourceTree = "<group>";
		};
		76FF1B36015F1AC5CE482856 /* Frameworks */ = {
			isa = PBXGroup;
			children = (
				7C953C3BB8AAF58B53A1A5FF /* Pods_Movie_Mentor.framework */,
				A5260D98E2032A4F550BA86D /* Pods_Movie_Mentor_Movie_MentorUITests.framework */,
				BC206A03C61274894CAC7F32 /* Pods_Movie_MentorTests.framework */,
			);
			name = Frameworks;
			sourceTree = "<group>";
		};
/* End PBXGroup section */

/* Begin PBXNativeTarget section */
		0F71886D297DA4F100772B79 /* Movie Mentor */ = {
			isa = PBXNativeTarget;
			buildConfigurationList = 0F718892297DA4F200772B79 /* Build configuration list for PBXNativeTarget "Movie Mentor" */;
			buildPhases = (
				1225B328EC2D38EDD9BBCFC9 /* [CP] Check Pods Manifest.lock */,
				0F71886A297DA4F100772B79 /* Sources */,
				0F71886B297DA4F100772B79 /* Frameworks */,
				0F71886C297DA4F100772B79 /* Resources */,
				0F5A5BEE297DAF2200DB20CA /* ShellScript */,
				7C1AA6FAC63B8FD66BD863A7 /* [CP] Embed Pods Frameworks */,
			);
			buildRules = (
			);
			dependencies = (
			);
			name = "Movie Mentor";
			productName = "Movie Mentor";
			productReference = 0F71886E297DA4F100772B79 /* Movie Mentor.app */;
			productType = "com.apple.product-type.application";
		};
		0F71887D297DA4F200772B79 /* Movie MentorTests */ = {
			isa = PBXNativeTarget;
			buildConfigurationList = 0F718895297DA4F200772B79 /* Build configuration list for PBXNativeTarget "Movie MentorTests" */;
			buildPhases = (
				30C932A5B9C74BDA4FA5C599 /* [CP] Check Pods Manifest.lock */,
				0F71887A297DA4F200772B79 /* Sources */,
				0F71887B297DA4F200772B79 /* Frameworks */,
				0F71887C297DA4F200772B79 /* Resources */,
			);
			buildRules = (
			);
			dependencies = (
				0F718880297DA4F200772B79 /* PBXTargetDependency */,
			);
			name = "Movie MentorTests";
			productName = "Movie MentorTests";
			productReference = 0F71887E297DA4F200772B79 /* Movie MentorTests.xctest */;
			productType = "com.apple.product-type.bundle.unit-test";
		};
		0F718887297DA4F200772B79 /* Movie MentorUITests */ = {
			isa = PBXNativeTarget;
			buildConfigurationList = 0F718898297DA4F200772B79 /* Build configuration list for PBXNativeTarget "Movie MentorUITests" */;
			buildPhases = (
				F2261113BCBC5891FED8F0C0 /* [CP] Check Pods Manifest.lock */,
				0F718884297DA4F200772B79 /* Sources */,
				0F718885297DA4F200772B79 /* Frameworks */,
				0F718886297DA4F200772B79 /* Resources */,
				68A5270AE70B2A17B199B812 /* [CP] Embed Pods Frameworks */,
			);
			buildRules = (
			);
			dependencies = (
				0F71888A297DA4F200772B79 /* PBXTargetDependency */,
			);
			name = "Movie MentorUITests";
			productName = "Movie MentorUITests";
			productReference = 0F718888297DA4F200772B79 /* Movie MentorUITests.xctest */;
			productType = "com.apple.product-type.bundle.ui-testing";
		};
/* End PBXNativeTarget section */

/* Begin PBXProject section */
		0F718866297DA4F100772B79 /* Project object */ = {
			isa = PBXProject;
			attributes = {
				BuildIndependentTargetsInParallel = 1;
				LastSwiftUpdateCheck = 1420;
				LastUpgradeCheck = 1420;
				TargetAttributes = {
					0F71886D297DA4F100772B79 = {
						CreatedOnToolsVersion = 14.2;
					};
					0F71887D297DA4F200772B79 = {
						CreatedOnToolsVersion = 14.2;
						TestTargetID = 0F71886D297DA4F100772B79;
					};
					0F718887297DA4F200772B79 = {
						CreatedOnToolsVersion = 14.2;
						TestTargetID = 0F71886D297DA4F100772B79;
					};
				};
			};
			buildConfigurationList = 0F718869297DA4F100772B79 /* Build configuration list for PBXProject "Movie Mentor" */;
			compatibilityVersion = "Xcode 13.0";
			developmentRegion = en;
			hasScannedForEncodings = 0;
			knownRegions = (
				en,
				Base,
			);
			mainGroup = 0F718865297DA4F100772B79;
			productRefGroup = 0F71886F297DA4F100772B79 /* Products */;
			projectDirPath = "";
			projectRoot = "";
			targets = (
				0F71886D297DA4F100772B79 /* Movie Mentor */,
				0F71887D297DA4F200772B79 /* Movie MentorTests */,
				0F718887297DA4F200772B79 /* Movie MentorUITests */,
			);
		};
/* End PBXProject section */

/* Begin PBXResourcesBuildPhase section */
		0F71886C297DA4F100772B79 /* Resources */ = {
			isa = PBXResourcesBuildPhase;
			buildActionMask = 2147483647;
			files = (
				0FC9572129919B92006036EE /* Roboto-Regular.ttf in Resources */,
				0F718879297DA4F200772B79 /* Preview Assets.xcassets in Resources */,
				0FD761F2299384360060EB7E /* Roboto-LightItalic.ttf in Resources */,
				0FD761EA2993841E0060EB7E /* Roboto-Bold.ttf in Resources */,
				0FD761F6299384440060EB7E /* Roboto-MediumItalic.ttf in Resources */,
				0FD761E8299384150060EB7E /* Roboto-BlackItalic.ttf in Resources */,
				0F718876297DA4F200772B79 /* Assets.xcassets in Resources */,
				0FD761EE2993842B0060EB7E /* Roboto-Italic.ttf in Resources */,
				0FD761EC299384250060EB7E /* Roboto-BoldItalic.ttf in Resources */,
				0FD761F42993843E0060EB7E /* Roboto-Medium.ttf in Resources */,
				0FD761FA299384550060EB7E /* Roboto-ThinItalic.ttf in Resources */,
				0FD761E62993840A0060EB7E /* Roboto-Black.ttf in Resources */,
				0FD761F82993844D0060EB7E /* Roboto-Thin.ttf in Resources */,
				0FD761F0299384300060EB7E /* Roboto-Light.ttf in Resources */,
			);
			runOnlyForDeploymentPostprocessing = 0;
		};
		0F71887C297DA4F200772B79 /* Resources */ = {
			isa = PBXResourcesBuildPhase;
			buildActionMask = 2147483647;
			files = (
			);
			runOnlyForDeploymentPostprocessing = 0;
		};
		0F718886297DA4F200772B79 /* Resources */ = {
			isa = PBXResourcesBuildPhase;
			buildActionMask = 2147483647;
			files = (
			);
			runOnlyForDeploymentPostprocessing = 0;
		};
/* End PBXResourcesBuildPhase section */

/* Begin PBXShellScriptBuildPhase section */
		0F5A5BEE297DAF2200DB20CA /* ShellScript */ = {
			isa = PBXShellScriptBuildPhase;
			alwaysOutOfDate = 1;
			buildActionMask = 12;
			files = (
			);
			inputFileListPaths = (
			);
			inputPaths = (
			);
			outputFileListPaths = (
			);
			outputPaths = (
			);
			runOnlyForDeploymentPostprocessing = 0;
			shellPath = /bin/sh;
			shellScript = "\"${PODS_ROOT}/SwiftLint/swiftlint\" --config ../.swiftlint.yml\n";
		};
		1225B328EC2D38EDD9BBCFC9 /* [CP] Check Pods Manifest.lock */ = {
			isa = PBXShellScriptBuildPhase;
			buildActionMask = 2147483647;
			files = (
			);
			inputFileListPaths = (
			);
			inputPaths = (
				"${PODS_PODFILE_DIR_PATH}/Podfile.lock",
				"${PODS_ROOT}/Manifest.lock",
			);
			name = "[CP] Check Pods Manifest.lock";
			outputFileListPaths = (
			);
			outputPaths = (
				"$(DERIVED_FILE_DIR)/Pods-Movie Mentor-checkManifestLockResult.txt",
			);
			runOnlyForDeploymentPostprocessing = 0;
			shellPath = /bin/sh;
			shellScript = "diff \"${PODS_PODFILE_DIR_PATH}/Podfile.lock\" \"${PODS_ROOT}/Manifest.lock\" > /dev/null\nif [ $? != 0 ] ; then\n    # print error to STDERR\n    echo \"error: The sandbox is not in sync with the Podfile.lock. Run 'pod install' or update your CocoaPods installation.\" >&2\n    exit 1\nfi\n# This output is used by Xcode 'outputs' to avoid re-running this script phase.\necho \"SUCCESS\" > \"${SCRIPT_OUTPUT_FILE_0}\"\n";
			showEnvVarsInLog = 0;
		};
		30C932A5B9C74BDA4FA5C599 /* [CP] Check Pods Manifest.lock */ = {
			isa = PBXShellScriptBuildPhase;
			buildActionMask = 2147483647;
			files = (
			);
			inputFileListPaths = (
			);
			inputPaths = (
				"${PODS_PODFILE_DIR_PATH}/Podfile.lock",
				"${PODS_ROOT}/Manifest.lock",
			);
			name = "[CP] Check Pods Manifest.lock";
			outputFileListPaths = (
			);
			outputPaths = (
				"$(DERIVED_FILE_DIR)/Pods-Movie MentorTests-checkManifestLockResult.txt",
			);
			runOnlyForDeploymentPostprocessing = 0;
			shellPath = /bin/sh;
			shellScript = "diff \"${PODS_PODFILE_DIR_PATH}/Podfile.lock\" \"${PODS_ROOT}/Manifest.lock\" > /dev/null\nif [ $? != 0 ] ; then\n    # print error to STDERR\n    echo \"error: The sandbox is not in sync with the Podfile.lock. Run 'pod install' or update your CocoaPods installation.\" >&2\n    exit 1\nfi\n# This output is used by Xcode 'outputs' to avoid re-running this script phase.\necho \"SUCCESS\" > \"${SCRIPT_OUTPUT_FILE_0}\"\n";
			showEnvVarsInLog = 0;
		};
		68A5270AE70B2A17B199B812 /* [CP] Embed Pods Frameworks */ = {
			isa = PBXShellScriptBuildPhase;
			buildActionMask = 2147483647;
			files = (
			);
			inputFileListPaths = (
				"${PODS_ROOT}/Target Support Files/Pods-Movie Mentor-Movie MentorUITests/Pods-Movie Mentor-Movie MentorUITests-frameworks-${CONFIGURATION}-input-files.xcfilelist",
			);
			name = "[CP] Embed Pods Frameworks";
			outputFileListPaths = (
				"${PODS_ROOT}/Target Support Files/Pods-Movie Mentor-Movie MentorUITests/Pods-Movie Mentor-Movie MentorUITests-frameworks-${CONFIGURATION}-output-files.xcfilelist",
			);
			runOnlyForDeploymentPostprocessing = 0;
			shellPath = /bin/sh;
			shellScript = "\"${PODS_ROOT}/Target Support Files/Pods-Movie Mentor-Movie MentorUITests/Pods-Movie Mentor-Movie MentorUITests-frameworks.sh\"\n";
			showEnvVarsInLog = 0;
		};
		7C1AA6FAC63B8FD66BD863A7 /* [CP] Embed Pods Frameworks */ = {
			isa = PBXShellScriptBuildPhase;
			buildActionMask = 2147483647;
			files = (
			);
			inputFileListPaths = (
				"${PODS_ROOT}/Target Support Files/Pods-Movie Mentor/Pods-Movie Mentor-frameworks-${CONFIGURATION}-input-files.xcfilelist",
			);
			name = "[CP] Embed Pods Frameworks";
			outputFileListPaths = (
				"${PODS_ROOT}/Target Support Files/Pods-Movie Mentor/Pods-Movie Mentor-frameworks-${CONFIGURATION}-output-files.xcfilelist",
			);
			runOnlyForDeploymentPostprocessing = 0;
			shellPath = /bin/sh;
			shellScript = "\"${PODS_ROOT}/Target Support Files/Pods-Movie Mentor/Pods-Movie Mentor-frameworks.sh\"\n";
			showEnvVarsInLog = 0;
		};
		F2261113BCBC5891FED8F0C0 /* [CP] Check Pods Manifest.lock */ = {
			isa = PBXShellScriptBuildPhase;
			buildActionMask = 2147483647;
			files = (
			);
			inputFileListPaths = (
			);
			inputPaths = (
				"${PODS_PODFILE_DIR_PATH}/Podfile.lock",
				"${PODS_ROOT}/Manifest.lock",
			);
			name = "[CP] Check Pods Manifest.lock";
			outputFileListPaths = (
			);
			outputPaths = (
				"$(DERIVED_FILE_DIR)/Pods-Movie Mentor-Movie MentorUITests-checkManifestLockResult.txt",
			);
			runOnlyForDeploymentPostprocessing = 0;
			shellPath = /bin/sh;
			shellScript = "diff \"${PODS_PODFILE_DIR_PATH}/Podfile.lock\" \"${PODS_ROOT}/Manifest.lock\" > /dev/null\nif [ $? != 0 ] ; then\n    # print error to STDERR\n    echo \"error: The sandbox is not in sync with the Podfile.lock. Run 'pod install' or update your CocoaPods installation.\" >&2\n    exit 1\nfi\n# This output is used by Xcode 'outputs' to avoid re-running this script phase.\necho \"SUCCESS\" > \"${SCRIPT_OUTPUT_FILE_0}\"\n";
			showEnvVarsInLog = 0;
		};
/* End PBXShellScriptBuildPhase section */

/* Begin PBXSourcesBuildPhase section */
		0F71886A297DA4F100772B79 /* Sources */ = {
			isa = PBXSourcesBuildPhase;
			buildActionMask = 2147483647;
			files = (
				0FD76204299ADC170060EB7E /* GenreTileView.swift in Sources */,
				0FE94CB7299021D500095412 /* SettingsView.swift in Sources */,
				0FC180CB29A3F3C20031DDAB /* MovieDetailsView.swift in Sources */,
				0FD7620C29A1443C0060EB7E /* CWTagView.swift in Sources */,
				0F95CB2729BFF3620050C2F2 /* FeaturedViewModel.swift in Sources */,
				0FC180DD29B6C2960031DDAB /* WarningDetailsView.swift in Sources */,
				0F95CB2D29C13B860050C2F2 /* ResponseModels.swift in Sources */,
				0FD76206299F50870060EB7E /* SearchMovieTileView.swift in Sources */,
				0FD761FE29943F460060EB7E /* SearchBarView.swift in Sources */,
				0FD7620E29A2F1890060EB7E /* MovieFull.swift in Sources */,
				0FE94CB52990212100095412 /* SearchView.swift in Sources */,
				0F95CB2929BFFCB40050C2F2 /* ContentWarningReduced.swift in Sources */,
				0FC180D529AA8B000031DDAB /* ContentWarning.swift in Sources */,
				0FC180D129A55FA30031DDAB /* StreamingTileView.swift in Sources */,
				0F95CB2F29C178D50050C2F2 /* WarningSettingsViewModel.swift in Sources */,
				0FC180D929B404F30031DDAB /* IndividualSettingView.swift in Sources */,
				0F718874297DA4F100772B79 /* FeaturedView.swift in Sources */,
				0FD761E229932BDC0060EB7E /* MovieReduced.swift in Sources */,
				0FC180D729AD77E60031DDAB /* WarningSettingsView.swift in Sources */,
				0FD761FC2993875D0060EB7E /* LogoHeaderView.swift in Sources */,
				0FC180D329A564A50031DDAB /* MPARatingView.swift in Sources */,
				0FC180DB29B689500031DDAB /* WarningRowView.swift in Sources */,
				0FC180CD29A4091C0031DDAB /* WarningBannerView.swift in Sources */,
				0FE94CB329901E6700095412 /* MainView.swift in Sources */,
				0FD7620A299F5EB30060EB7E /* GenreTagView.swift in Sources */,
				0FD7621029A2FC2F0060EB7E /* EmptyModifier.swift in Sources */,
				0F718872297DA4F100772B79 /* Movie_MentorApp.swift in Sources */,
				0FD761E4299330C70060EB7E /* FeaturedMovieTileView.swift in Sources */,
				0FC180CF29A4128E0031DDAB /* StarRatingView.swift in Sources */,
			);
			runOnlyForDeploymentPostprocessing = 0;
		};
		0F71887A297DA4F200772B79 /* Sources */ = {
			isa = PBXSourcesBuildPhase;
			buildActionMask = 2147483647;
			files = (
				0F718883297DA4F200772B79 /* Movie_MentorTests.swift in Sources */,
			);
			runOnlyForDeploymentPostprocessing = 0;
		};
		0F718884297DA4F200772B79 /* Sources */ = {
			isa = PBXSourcesBuildPhase;
			buildActionMask = 2147483647;
			files = (
				0F71888F297DA4F200772B79 /* Movie_MentorUITestsLaunchTests.swift in Sources */,
				0F71888D297DA4F200772B79 /* Movie_MentorUITests.swift in Sources */,
			);
			runOnlyForDeploymentPostprocessing = 0;
		};
/* End PBXSourcesBuildPhase section */

/* Begin PBXTargetDependency section */
		0F718880297DA4F200772B79 /* PBXTargetDependency */ = {
			isa = PBXTargetDependency;
			target = 0F71886D297DA4F100772B79 /* Movie Mentor */;
			targetProxy = 0F71887F297DA4F200772B79 /* PBXContainerItemProxy */;
		};
		0F71888A297DA4F200772B79 /* PBXTargetDependency */ = {
			isa = PBXTargetDependency;
			target = 0F71886D297DA4F100772B79 /* Movie Mentor */;
			targetProxy = 0F718889297DA4F200772B79 /* PBXContainerItemProxy */;
		};
/* End PBXTargetDependency section */

/* Begin XCBuildConfiguration section */
		0F718890297DA4F200772B79 /* Debug */ = {
			isa = XCBuildConfiguration;
			buildSettings = {
				ALWAYS_SEARCH_USER_PATHS = NO;
				CLANG_ANALYZER_NONNULL = YES;
				CLANG_ANALYZER_NUMBER_OBJECT_CONVERSION = YES_AGGRESSIVE;
				CLANG_CXX_LANGUAGE_STANDARD = "gnu++20";
				CLANG_ENABLE_MODULES = YES;
				CLANG_ENABLE_OBJC_ARC = YES;
				CLANG_ENABLE_OBJC_WEAK = YES;
				CLANG_WARN_BLOCK_CAPTURE_AUTORELEASING = YES;
				CLANG_WARN_BOOL_CONVERSION = YES;
				CLANG_WARN_COMMA = YES;
				CLANG_WARN_CONSTANT_CONVERSION = YES;
				CLANG_WARN_DEPRECATED_OBJC_IMPLEMENTATIONS = YES;
				CLANG_WARN_DIRECT_OBJC_ISA_USAGE = YES_ERROR;
				CLANG_WARN_DOCUMENTATION_COMMENTS = YES;
				CLANG_WARN_EMPTY_BODY = YES;
				CLANG_WARN_ENUM_CONVERSION = YES;
				CLANG_WARN_INFINITE_RECURSION = YES;
				CLANG_WARN_INT_CONVERSION = YES;
				CLANG_WARN_NON_LITERAL_NULL_CONVERSION = YES;
				CLANG_WARN_OBJC_IMPLICIT_RETAIN_SELF = YES;
				CLANG_WARN_OBJC_LITERAL_CONVERSION = YES;
				CLANG_WARN_OBJC_ROOT_CLASS = YES_ERROR;
				CLANG_WARN_QUOTED_INCLUDE_IN_FRAMEWORK_HEADER = YES;
				CLANG_WARN_RANGE_LOOP_ANALYSIS = YES;
				CLANG_WARN_STRICT_PROTOTYPES = YES;
				CLANG_WARN_SUSPICIOUS_MOVE = YES;
				CLANG_WARN_UNGUARDED_AVAILABILITY = YES_AGGRESSIVE;
				CLANG_WARN_UNREACHABLE_CODE = YES;
				CLANG_WARN__DUPLICATE_METHOD_MATCH = YES;
				COPY_PHASE_STRIP = NO;
				DEBUG_INFORMATION_FORMAT = dwarf;
				ENABLE_STRICT_OBJC_MSGSEND = YES;
				ENABLE_TESTABILITY = YES;
				GCC_C_LANGUAGE_STANDARD = gnu11;
				GCC_DYNAMIC_NO_PIC = NO;
				GCC_NO_COMMON_BLOCKS = YES;
				GCC_OPTIMIZATION_LEVEL = 0;
				GCC_PREPROCESSOR_DEFINITIONS = (
					"DEBUG=1",
					"$(inherited)",
				);
				GCC_WARN_64_TO_32_BIT_CONVERSION = YES;
				GCC_WARN_ABOUT_RETURN_TYPE = YES_ERROR;
				GCC_WARN_UNDECLARED_SELECTOR = YES;
				GCC_WARN_UNINITIALIZED_AUTOS = YES_AGGRESSIVE;
				GCC_WARN_UNUSED_FUNCTION = YES;
				GCC_WARN_UNUSED_VARIABLE = YES;
				IPHONEOS_DEPLOYMENT_TARGET = 16.2;
				MTL_ENABLE_DEBUG_INFO = INCLUDE_SOURCE;
				MTL_FAST_MATH = YES;
				ONLY_ACTIVE_ARCH = YES;
				SDKROOT = iphoneos;
				SWIFT_ACTIVE_COMPILATION_CONDITIONS = DEBUG;
				SWIFT_OPTIMIZATION_LEVEL = "-Onone";
			};
			name = Debug;
		};
		0F718891297DA4F200772B79 /* Release */ = {
			isa = XCBuildConfiguration;
			buildSettings = {
				ALWAYS_SEARCH_USER_PATHS = NO;
				CLANG_ANALYZER_NONNULL = YES;
				CLANG_ANALYZER_NUMBER_OBJECT_CONVERSION = YES_AGGRESSIVE;
				CLANG_CXX_LANGUAGE_STANDARD = "gnu++20";
				CLANG_ENABLE_MODULES = YES;
				CLANG_ENABLE_OBJC_ARC = YES;
				CLANG_ENABLE_OBJC_WEAK = YES;
				CLANG_WARN_BLOCK_CAPTURE_AUTORELEASING = YES;
				CLANG_WARN_BOOL_CONVERSION = YES;
				CLANG_WARN_COMMA = YES;
				CLANG_WARN_CONSTANT_CONVERSION = YES;
				CLANG_WARN_DEPRECATED_OBJC_IMPLEMENTATIONS = YES;
				CLANG_WARN_DIRECT_OBJC_ISA_USAGE = YES_ERROR;
				CLANG_WARN_DOCUMENTATION_COMMENTS = YES;
				CLANG_WARN_EMPTY_BODY = YES;
				CLANG_WARN_ENUM_CONVERSION = YES;
				CLANG_WARN_INFINITE_RECURSION = YES;
				CLANG_WARN_INT_CONVERSION = YES;
				CLANG_WARN_NON_LITERAL_NULL_CONVERSION = YES;
				CLANG_WARN_OBJC_IMPLICIT_RETAIN_SELF = YES;
				CLANG_WARN_OBJC_LITERAL_CONVERSION = YES;
				CLANG_WARN_OBJC_ROOT_CLASS = YES_ERROR;
				CLANG_WARN_QUOTED_INCLUDE_IN_FRAMEWORK_HEADER = YES;
				CLANG_WARN_RANGE_LOOP_ANALYSIS = YES;
				CLANG_WARN_STRICT_PROTOTYPES = YES;
				CLANG_WARN_SUSPICIOUS_MOVE = YES;
				CLANG_WARN_UNGUARDED_AVAILABILITY = YES_AGGRESSIVE;
				CLANG_WARN_UNREACHABLE_CODE = YES;
				CLANG_WARN__DUPLICATE_METHOD_MATCH = YES;
				COPY_PHASE_STRIP = NO;
				DEBUG_INFORMATION_FORMAT = "dwarf-with-dsym";
				ENABLE_NS_ASSERTIONS = NO;
				ENABLE_STRICT_OBJC_MSGSEND = YES;
				GCC_C_LANGUAGE_STANDARD = gnu11;
				GCC_NO_COMMON_BLOCKS = YES;
				GCC_WARN_64_TO_32_BIT_CONVERSION = YES;
				GCC_WARN_ABOUT_RETURN_TYPE = YES_ERROR;
				GCC_WARN_UNDECLARED_SELECTOR = YES;
				GCC_WARN_UNINITIALIZED_AUTOS = YES_AGGRESSIVE;
				GCC_WARN_UNUSED_FUNCTION = YES;
				GCC_WARN_UNUSED_VARIABLE = YES;
				IPHONEOS_DEPLOYMENT_TARGET = 16.2;
				MTL_ENABLE_DEBUG_INFO = NO;
				MTL_FAST_MATH = YES;
				SDKROOT = iphoneos;
				SWIFT_COMPILATION_MODE = wholemodule;
				SWIFT_OPTIMIZATION_LEVEL = "-O";
				VALIDATE_PRODUCT = YES;
			};
			name = Release;
		};
		0F718893297DA4F200772B79 /* Debug */ = {
			isa = XCBuildConfiguration;
			baseConfigurationReference = D3FB22B81AFADC27E8F58675 /* Pods-Movie Mentor.debug.xcconfig */;
			buildSettings = {
				ASSETCATALOG_COMPILER_APPICON_NAME = AppIcon;
				ASSETCATALOG_COMPILER_GLOBAL_ACCENT_COLOR_NAME = AccentColor;
				CODE_SIGN_STYLE = Automatic;
				CURRENT_PROJECT_VERSION = 1;
				DEVELOPMENT_ASSET_PATHS = "\"Movie Mentor/Preview Content\"";
				DEVELOPMENT_TEAM = 2PDJ5TD662;
				ENABLE_PREVIEWS = YES;
				GENERATE_INFOPLIST_FILE = YES;
				INFOPLIST_FILE = "Movie-Mentor-Info.plist";
				INFOPLIST_KEY_CFBundleDisplayName = "Movie Mentor";
				INFOPLIST_KEY_UIApplicationSceneManifest_Generation = YES;
				INFOPLIST_KEY_UIApplicationSupportsIndirectInputEvents = YES;
				INFOPLIST_KEY_UILaunchScreen_Generation = YES;
				INFOPLIST_KEY_UIStatusBarStyle = "";
				INFOPLIST_KEY_UISupportedInterfaceOrientations = UIInterfaceOrientationPortrait;
				IPHONEOS_DEPLOYMENT_TARGET = 15.0;
				LD_RUNPATH_SEARCH_PATHS = (
					"$(inherited)",
					"@executable_path/Frameworks",
				);
				MARKETING_VERSION = 1.0;
				PRODUCT_BUNDLE_IDENTIFIER = "Movie-Mentor-Team.Movie-Mentor";
				PRODUCT_NAME = "$(TARGET_NAME)";
				SWIFT_EMIT_LOC_STRINGS = YES;
				SWIFT_VERSION = 5.0;
				TARGETED_DEVICE_FAMILY = "1,2";
			};
			name = Debug;
		};
		0F718894297DA4F200772B79 /* Release */ = {
			isa = XCBuildConfiguration;
			baseConfigurationReference = B98043A433E37D50784258F5 /* Pods-Movie Mentor.release.xcconfig */;
			buildSettings = {
				ASSETCATALOG_COMPILER_APPICON_NAME = AppIcon;
				ASSETCATALOG_COMPILER_GLOBAL_ACCENT_COLOR_NAME = AccentColor;
				CODE_SIGN_STYLE = Automatic;
				CURRENT_PROJECT_VERSION = 1;
				DEVELOPMENT_ASSET_PATHS = "\"Movie Mentor/Preview Content\"";
				DEVELOPMENT_TEAM = 2PDJ5TD662;
				ENABLE_PREVIEWS = YES;
				GENERATE_INFOPLIST_FILE = YES;
				INFOPLIST_FILE = "Movie-Mentor-Info.plist";
				INFOPLIST_KEY_CFBundleDisplayName = "Movie Mentor";
				INFOPLIST_KEY_UIApplicationSceneManifest_Generation = YES;
				INFOPLIST_KEY_UIApplicationSupportsIndirectInputEvents = YES;
				INFOPLIST_KEY_UILaunchScreen_Generation = YES;
				INFOPLIST_KEY_UIStatusBarStyle = "";
				INFOPLIST_KEY_UISupportedInterfaceOrientations = UIInterfaceOrientationPortrait;
				IPHONEOS_DEPLOYMENT_TARGET = 15.0;
				LD_RUNPATH_SEARCH_PATHS = (
					"$(inherited)",
					"@executable_path/Frameworks",
				);
				MARKETING_VERSION = 1.0;
				PRODUCT_BUNDLE_IDENTIFIER = "Movie-Mentor-Team.Movie-Mentor";
				PRODUCT_NAME = "$(TARGET_NAME)";
				SWIFT_EMIT_LOC_STRINGS = YES;
				SWIFT_VERSION = 5.0;
				TARGETED_DEVICE_FAMILY = "1,2";
			};
			name = Release;
		};
		0F718896297DA4F200772B79 /* Debug */ = {
			isa = XCBuildConfiguration;
			baseConfigurationReference = 539CD510E1F139EE714AE5FD /* Pods-Movie MentorTests.debug.xcconfig */;
			buildSettings = {
				ALWAYS_EMBED_SWIFT_STANDARD_LIBRARIES = YES;
				BUNDLE_LOADER = "$(TEST_HOST)";
				CODE_SIGN_STYLE = Automatic;
				CURRENT_PROJECT_VERSION = 1;
				DEVELOPMENT_TEAM = 2PDJ5TD662;
				GENERATE_INFOPLIST_FILE = YES;
				IPHONEOS_DEPLOYMENT_TARGET = 16.2;
				MARKETING_VERSION = 1.0;
				PRODUCT_BUNDLE_IDENTIFIER = "Movie-Mentor-Team.Movie-MentorTests";
				PRODUCT_NAME = "$(TARGET_NAME)";
				SWIFT_EMIT_LOC_STRINGS = NO;
				SWIFT_VERSION = 5.0;
				TARGETED_DEVICE_FAMILY = "1,2";
				TEST_HOST = "$(BUILT_PRODUCTS_DIR)/Movie Mentor.app/$(BUNDLE_EXECUTABLE_FOLDER_PATH)/Movie Mentor";
			};
			name = Debug;
		};
		0F718897297DA4F200772B79 /* Release */ = {
			isa = XCBuildConfiguration;
			baseConfigurationReference = BA207B6672A974EFCB5E151F /* Pods-Movie MentorTests.release.xcconfig */;
			buildSettings = {
				ALWAYS_EMBED_SWIFT_STANDARD_LIBRARIES = YES;
				BUNDLE_LOADER = "$(TEST_HOST)";
				CODE_SIGN_STYLE = Automatic;
				CURRENT_PROJECT_VERSION = 1;
				DEVELOPMENT_TEAM = 2PDJ5TD662;
				GENERATE_INFOPLIST_FILE = YES;
				IPHONEOS_DEPLOYMENT_TARGET = 16.2;
				MARKETING_VERSION = 1.0;
				PRODUCT_BUNDLE_IDENTIFIER = "Movie-Mentor-Team.Movie-MentorTests";
				PRODUCT_NAME = "$(TARGET_NAME)";
				SWIFT_EMIT_LOC_STRINGS = NO;
				SWIFT_VERSION = 5.0;
				TARGETED_DEVICE_FAMILY = "1,2";
				TEST_HOST = "$(BUILT_PRODUCTS_DIR)/Movie Mentor.app/$(BUNDLE_EXECUTABLE_FOLDER_PATH)/Movie Mentor";
			};
			name = Release;
		};
		0F718899297DA4F200772B79 /* Debug */ = {
			isa = XCBuildConfiguration;
			baseConfigurationReference = AB9DA67F88FAC69F8DA0AB0E /* Pods-Movie Mentor-Movie MentorUITests.debug.xcconfig */;
			buildSettings = {
				ALWAYS_EMBED_SWIFT_STANDARD_LIBRARIES = YES;
				CODE_SIGN_STYLE = Automatic;
				CURRENT_PROJECT_VERSION = 1;
				DEVELOPMENT_TEAM = 2PDJ5TD662;
				GENERATE_INFOPLIST_FILE = YES;
				MARKETING_VERSION = 1.0;
				PRODUCT_BUNDLE_IDENTIFIER = "Movie-Mentor-Team.Movie-MentorUITests";
				PRODUCT_NAME = "$(TARGET_NAME)";
				SWIFT_EMIT_LOC_STRINGS = NO;
				SWIFT_VERSION = 5.0;
				TARGETED_DEVICE_FAMILY = "1,2";
				TEST_TARGET_NAME = "Movie Mentor";
			};
			name = Debug;
		};
		0F71889A297DA4F200772B79 /* Release */ = {
			isa = XCBuildConfiguration;
			baseConfigurationReference = 6DBE92A819B0421B02615E4D /* Pods-Movie Mentor-Movie MentorUITests.release.xcconfig */;
			buildSettings = {
				ALWAYS_EMBED_SWIFT_STANDARD_LIBRARIES = YES;
				CODE_SIGN_STYLE = Automatic;
				CURRENT_PROJECT_VERSION = 1;
				DEVELOPMENT_TEAM = 2PDJ5TD662;
				GENERATE_INFOPLIST_FILE = YES;
				MARKETING_VERSION = 1.0;
				PRODUCT_BUNDLE_IDENTIFIER = "Movie-Mentor-Team.Movie-MentorUITests";
				PRODUCT_NAME = "$(TARGET_NAME)";
				SWIFT_EMIT_LOC_STRINGS = NO;
				SWIFT_VERSION = 5.0;
				TARGETED_DEVICE_FAMILY = "1,2";
				TEST_TARGET_NAME = "Movie Mentor";
			};
			name = Release;
		};
/* End XCBuildConfiguration section */

/* Begin XCConfigurationList section */
		0F718869297DA4F100772B79 /* Build configuration list for PBXProject "Movie Mentor" */ = {
			isa = XCConfigurationList;
			buildConfigurations = (
				0F718890297DA4F200772B79 /* Debug */,
				0F718891297DA4F200772B79 /* Release */,
			);
			defaultConfigurationIsVisible = 0;
			defaultConfigurationName = Release;
		};
		0F718892297DA4F200772B79 /* Build configuration list for PBXNativeTarget "Movie Mentor" */ = {
			isa = XCConfigurationList;
			buildConfigurations = (
				0F718893297DA4F200772B79 /* Debug */,
				0F718894297DA4F200772B79 /* Release */,
			);
			defaultConfigurationIsVisible = 0;
			defaultConfigurationName = Release;
		};
		0F718895297DA4F200772B79 /* Build configuration list for PBXNativeTarget "Movie MentorTests" */ = {
			isa = XCConfigurationList;
			buildConfigurations = (
				0F718896297DA4F200772B79 /* Debug */,
				0F718897297DA4F200772B79 /* Release */,
			);
			defaultConfigurationIsVisible = 0;
			defaultConfigurationName = Release;
		};
		0F718898297DA4F200772B79 /* Build configuration list for PBXNativeTarget "Movie MentorUITests" */ = {
			isa = XCConfigurationList;
			buildConfigurations = (
				0F718899297DA4F200772B79 /* Debug */,
				0F71889A297DA4F200772B79 /* Release */,
			);
			defaultConfigurationIsVisible = 0;
			defaultConfigurationName = Release;
		};
/* End XCConfigurationList section */
	};
	rootObject = 0F718866297DA4F100772B79 /* Project object */;
}
